
Microsoft Visual Studio Solution File, Format Version 12.00
# Visual Studio 15
VisualStudioVersion = 15.0.26730.16
MinimumVisualStudioVersion = 10.0.40219.1
Project("{FAE04EC0-301F-11D3-BF4B-00C04F79EFBC}") = "Project_Final", "Project_Final\Project_Final.csproj", "{B2A76D59-16DD-4105-9C17-2866A6367079}"
EndProject
Project("{54435603-DBB4-11D2-8724-00A0C9A8B90C}") = "The land of word setup", "The land of word setup\The land of word setup.vdproj", "{5FE0291D-E067-4662-AE42-B424253E4AEC}"
EndProject
Global
	GlobalSection(SolutionConfigurationPlatforms) = preSolution
		Debug|Any CPU = Debug|Any CPU
		Release|Any CPU = Release|Any CPU
	EndGlobalSection
	GlobalSection(ProjectConfigurationPlatforms) = postSolution
		{B2A76D59-16DD-4105-9C17-2866A6367079}.Debug|Any CPU.ActiveCfg = Debug|Any CPU
		{B2A76D59-16DD-4105-9C17-2866A6367079}.Debug|Any CPU.Build.0 = Debug|Any CPU
		{B2A76D59-16DD-4105-9C17-2866A6367079}.Release|Any CPU.ActiveCfg = Release|Any CPU
		{B2A76D59-16DD-4105-9C17-2866A6367079}.Release|Any CPU.Build.0 = Release|Any CPU
		{5FE0291D-E067-4662-AE42-B424253E4AEC}.Debug|Any CPU.ActiveCfg = Debug
		{5FE0291D-E067-4662-AE42-B424253E4AEC}.Release|Any CPU.ActiveCfg = Release
	EndGlobalSection
	GlobalSection(SolutionProperties) = preSolution
		HideSolutionNode = FALSE
	EndGlobalSection
	GlobalSection(ExtensibilityGlobals) = postSolution
		SolutionGuid = {158E1845-AB14-4105-AF6D-B3A21831BB3D}
	EndGlobalSection
EndGlobal
